
Microsoft Visual Studio Solution File, Format Version 12.00
# Visual Studio Version 17
VisualStudioVersion = 17.11.35327.3
MinimumVisualStudioVersion = 10.0.40219.1
Project("{9A19103F-16F7-4668-BE54-9A1E7A4F7556}") = "1_CondicionalAPP", "Programa_1\1_CondicionalAPP.csproj", "{F47CB9A6-F2D7-46EA-8D06-22728CACDBFA}"
EndProject
Project("{9A19103F-16F7-4668-BE54-9A1E7A4F7556}") = "2_CalificacionesAPP", "CalificacionesApp\2_CalificacionesAPP.csproj", "{4EB5D4FC-3C57-4AFE-99BC-026ACABD05F0}"
EndProject
Project("{2150E333-8FDC-42A3-9474-1A3956D46DE8}") = "Solution Items", "Solution Items", "{4A22162A-B0FF-497A-96C6-03F596CAF904}"
	ProjectSection(SolutionItems) = preProject
		.editorconfig = .editorconfig
	EndProjectSection
EndProject
Project("{FAE04EC0-301F-11D3-BF4B-00C04F79EFBC}") = "3_TestAPP", "TestAPP\3_TestAPP.csproj", "{F03D3E0D-5B1A-4A91-B87D-CBAD9D4535DF}"
EndProject
Global
	GlobalSection(SolutionConfigurationPlatforms) = preSolution
		Debug|Any CPU = Debug|Any CPU
		Release|Any CPU = Release|Any CPU
	EndGlobalSection
	GlobalSection(ProjectConfigurationPlatforms) = postSolution
		{F47CB9A6-F2D7-46EA-8D06-22728CACDBFA}.Debug|Any CPU.ActiveCfg = Debug|Any CPU
		{F47CB9A6-F2D7-46EA-8D06-22728CACDBFA}.Debug|Any CPU.Build.0 = Debug|Any CPU
		{F47CB9A6-F2D7-46EA-8D06-22728CACDBFA}.Release|Any CPU.ActiveCfg = Release|Any CPU
		{F47CB9A6-F2D7-46EA-8D06-22728CACDBFA}.Release|Any CPU.Build.0 = Release|Any CPU
		{4EB5D4FC-3C57-4AFE-99BC-026ACABD05F0}.Debug|Any CPU.ActiveCfg = Debug|Any CPU
		{4EB5D4FC-3C57-4AFE-99BC-026ACABD05F0}.Debug|Any CPU.Build.0 = Debug|Any CPU
		{4EB5D4FC-3C57-4AFE-99BC-026ACABD05F0}.Release|Any CPU.ActiveCfg = Release|Any CPU
		{4EB5D4FC-3C57-4AFE-99BC-026ACABD05F0}.Release|Any CPU.Build.0 = Release|Any CPU
		{F03D3E0D-5B1A-4A91-B87D-CBAD9D4535DF}.Debug|Any CPU.ActiveCfg = Debug|Any CPU
		{F03D3E0D-5B1A-4A91-B87D-CBAD9D4535DF}.Debug|Any CPU.Build.0 = Debug|Any CPU
		{F03D3E0D-5B1A-4A91-B87D-CBAD9D4535DF}.Release|Any CPU.ActiveCfg = Release|Any CPU
		{F03D3E0D-5B1A-4A91-B87D-CBAD9D4535DF}.Release|Any CPU.Build.0 = Release|Any CPU
	EndGlobalSection
	GlobalSection(SolutionProperties) = preSolution
		HideSolutionNode = FALSE
	EndGlobalSection
	GlobalSection(ExtensibilityGlobals) = postSolution
		SolutionGuid = {37DF5373-2D6B-4FE0-97A6-45FA00F2C27A}
	EndGlobalSection
EndGlobal
